
Microsoft Visual Studio Solution File, Format Version 12.00
# Visual Studio 2013
VisualStudioVersion = 12.0.40629.0
MinimumVisualStudioVersion = 10.0.40219.1
Project("{FAE04EC0-301F-11D3-BF4B-00C04F79EFBC}") = "Patterns", "Patterns\Patterns.csproj", "{22B572F7-31E4-4EF9-8D58-E97B3E297961}"
EndProject
Project("{FAE04EC0-301F-11D3-BF4B-00C04F79EFBC}") = "Builder", "Builder\Builder.csproj", "{E99AB95B-BC7A-4AC1-9BD4-5A6D87630410}"
EndProject
Project("{FAE04EC0-301F-11D3-BF4B-00C04F79EFBC}") = "Builder.Tests", "Builder.Tests\Builder.Tests.csproj", "{1052B863-FD6A-49DD-AFF9-3140D485DCFB}"
EndProject
Global
	GlobalSection(SolutionConfigurationPlatforms) = preSolution
		Debug|Any CPU = Debug|Any CPU
		Release|Any CPU = Release|Any CPU
	EndGlobalSection
	GlobalSection(ProjectConfigurationPlatforms) = postSolution
		{22B572F7-31E4-4EF9-8D58-E97B3E297961}.Debug|Any CPU.ActiveCfg = Debug|Any CPU
		{22B572F7-31E4-4EF9-8D58-E97B3E297961}.Debug|Any CPU.Build.0 = Debug|Any CPU
		{22B572F7-31E4-4EF9-8D58-E97B3E297961}.Release|Any CPU.ActiveCfg = Release|Any CPU
		{22B572F7-31E4-4EF9-8D58-E97B3E297961}.Release|Any CPU.Build.0 = Release|Any CPU
		{E99AB95B-BC7A-4AC1-9BD4-5A6D87630410}.Debug|Any CPU.ActiveCfg = Debug|Any CPU
		{E99AB95B-BC7A-4AC1-9BD4-5A6D87630410}.Debug|Any CPU.Build.0 = Debug|Any CPU
		{E99AB95B-BC7A-4AC1-9BD4-5A6D87630410}.Release|Any CPU.ActiveCfg = Release|Any CPU
		{E99AB95B-BC7A-4AC1-9BD4-5A6D87630410}.Release|Any CPU.Build.0 = Release|Any CPU
		{1052B863-FD6A-49DD-AFF9-3140D485DCFB}.Debug|Any CPU.ActiveCfg = Debug|Any CPU
		{1052B863-FD6A-49DD-AFF9-3140D485DCFB}.Debug|Any CPU.Build.0 = Debug|Any CPU
		{1052B863-FD6A-49DD-AFF9-3140D485DCFB}.Release|Any CPU.ActiveCfg = Release|Any CPU
		{1052B863-FD6A-49DD-AFF9-3140D485DCFB}.Release|Any CPU.Build.0 = Release|Any CPU
	EndGlobalSection
	GlobalSection(SolutionProperties) = preSolution
		HideSolutionNode = FALSE
	EndGlobalSection
EndGlobal
