
Microsoft Visual Studio Solution File, Format Version 10.00
# Visual Studio 2008
Project("{FAE04EC0-301F-11D3-BF4B-00C04F79EFBC}") = "ScrollViewerTemplate", "ScrollViewerTemplate.csproj", "{F38756ED-99DF-4685-ABE8-1C79104D9A21}"
EndProject
Global
	GlobalSection(SolutionConfigurationPlatforms) = preSolution
		Debug|Any CPU = Debug|Any CPU
	EndGlobalSection
	GlobalSection(ProjectConfigurationPlatforms) = postSolution
		{F38756ED-99DF-4685-ABE8-1C79104D9A21}.Debug|Any CPU.ActiveCfg = Debug|Any CPU
		{F38756ED-99DF-4685-ABE8-1C79104D9A21}.Debug|Any CPU.Build.0 = Debug|Any CPU
	EndGlobalSection
	GlobalSection(SolutionProperties) = preSolution
		HideSolutionNode = FALSE
	EndGlobalSection
EndGlobal
