
Microsoft Visual Studio Solution File, Format Version 12.00
# Visual Studio 2013
VisualStudioVersion = 12.0.21005.1
MinimumVisualStudioVersion = 10.0.40219.1
Project("{FAE04EC0-301F-11D3-BF4B-00C04F79EFBC}") = "WinADTester", "WinADTester\WinADTester.csproj", "{B5E238EE-871D-4440-8967-135AC580E0FC}"
EndProject
Global
	GlobalSection(TeamFoundationVersionControl) = preSolution
		SccNumberOfProjects = 2
		SccEnterpriseProvider = {4CA58AB2-18FA-4F8D-95D4-32DDF27D184C}
		SccTeamFoundationServer = https://karthikhraju.visualstudio.com/defaultcollection
		SccProjectUniqueName0 = WinADTester\\WinADTester.csproj
		SccProjectName0 = WinADTester
		SccLocalPath0 = WinADTester
		SccLocalPath1 = .
	EndGlobalSection
	GlobalSection(SolutionConfigurationPlatforms) = preSolution
		Debug|Any CPU = Debug|Any CPU
		Release|Any CPU = Release|Any CPU
	EndGlobalSection
	GlobalSection(ProjectConfigurationPlatforms) = postSolution
		{B5E238EE-871D-4440-8967-135AC580E0FC}.Debug|Any CPU.ActiveCfg = Debug|Any CPU
		{B5E238EE-871D-4440-8967-135AC580E0FC}.Debug|Any CPU.Build.0 = Debug|Any CPU
		{B5E238EE-871D-4440-8967-135AC580E0FC}.Release|Any CPU.ActiveCfg = Release|Any CPU
		{B5E238EE-871D-4440-8967-135AC580E0FC}.Release|Any CPU.Build.0 = Release|Any CPU
	EndGlobalSection
	GlobalSection(SolutionProperties) = preSolution
		HideSolutionNode = FALSE
	EndGlobalSection
EndGlobal
